
Microsoft Visual Studio Solution File, Format Version 12.00
# Visual Studio 14
VisualStudioVersion = 14.0.25420.1
MinimumVisualStudioVersion = 10.0.40219.1
Project("{FAE04EC0-301F-11D3-BF4B-00C04F79EFBC}") = "OQF.PlayerVsBot", "OQF.PlayerVsBot\OQF.PlayerVsBot.csproj", "{2CB42D9D-79D7-4C2E-A1F4-EF7D85E33E2C}"
EndProject
Project("{FAE04EC0-301F-11D3-BF4B-00C04F79EFBC}") = "OQF.GameEngine", "OQF.GameEngine\OQF.GameEngine.csproj", "{26E530F7-814E-4B05-8D4A-9B10BF659CF1}"
EndProject
Project("{FAE04EC0-301F-11D3-BF4B-00C04F79EFBC}") = "OQF.GameEngine.Contracts", "OQF.GameEngine.Contracts\OQF.GameEngine.Contracts.csproj", "{E257AA0A-7215-4CBA-B17A-61DC7EC3345A}"
EndProject
Project("{FAE04EC0-301F-11D3-BF4B-00C04F79EFBC}") = "SimpleWalkingBot", "bots\SimpleWalkingBot\SimpleWalkingBot.csproj", "{4629A2D4-4146-4E1A-9520-57D12827CD57}"
EndProject
Project("{FAE04EC0-301F-11D3-BF4B-00C04F79EFBC}") = "OQF.Contest.Contracts", "OQF.Contest.Contracts\OQF.Contest.Contracts.csproj", "{8692572D-4B60-407C-BB7B-80FC66E63904}"
EndProject
Project("{2150E333-8FDC-42A3-9474-1A3956D46DE8}") = "Bots", "Bots", "{5094A226-58A9-4B49-991F-9F3296EE4060}"
EndProject
Project("{2150E333-8FDC-42A3-9474-1A3956D46DE8}") = "Visualization", "Visualization", "{1133E98F-58A0-4FE7-9761-C7822EBA673A}"
EndProject
Project("{2150E333-8FDC-42A3-9474-1A3956D46DE8}") = "Contest", "Contest", "{C6F3B535-2B4C-43CB-A3C1-769C35CE299A}"
EndProject
Project("{2150E333-8FDC-42A3-9474-1A3956D46DE8}") = "Librarys", "Librarys", "{B119E130-6EA4-4AF7-B512-24B7797DB366}"
EndProject
Project("{2150E333-8FDC-42A3-9474-1A3956D46DE8}") = "GameEngine", "GameEngine", "{281B7024-DA93-4ABF-A12C-29C878D83487}"
EndProject
Project("{FAE04EC0-301F-11D3-BF4B-00C04F79EFBC}") = "OQF.GameEngine.Test", "OQF.GameEngine.Test\OQF.GameEngine.Test.csproj", "{44DFDB61-3AAD-4D4B-8CE4-B3E778B9EBEC}"
EndProject
Project("{FAE04EC0-301F-11D3-BF4B-00C04F79EFBC}") = "Lib.Communication", "Lib.Communication\Lib.Communication.csproj", "{A7CA266B-B1A3-4ED5-B0BE-EE5EE80A48FC}"
EndProject
Project("{FAE04EC0-301F-11D3-BF4B-00C04F79EFBC}") = "Lib.Concurrency", "Lib.Concurrency\Lib.Concurrency.csproj", "{623D4B55-9687-4C7C-9B23-5C1403A110D1}"
EndProject
Project("{FAE04EC0-301F-11D3-BF4B-00C04F79EFBC}") = "Lib.FrameworkExtension", "Lib.FrameworkExtension\Lib.FrameworkExtension.csproj", "{6C27F04B-CFCC-4267-8720-4A44D7529A21}"
EndProject
Project("{FAE04EC0-301F-11D3-BF4B-00C04F79EFBC}") = "Lib.SemanicTypes", "Lib.SemanicTypes\Lib.SemanicTypes.csproj", "{8FE851FB-DD9C-4C93-BCED-5098235D44E9}"
EndProject
Project("{FAE04EC0-301F-11D3-BF4B-00C04F79EFBC}") = "Lib.Utils", "Lib.Utils\Lib.Utils.csproj", "{0363FA52-24D4-4B73-BA27-B9ADC8989DBC}"
EndProject
Project("{FAE04EC0-301F-11D3-BF4B-00C04F79EFBC}") = "Lib.Wpf", "Lib.Wpf\Lib.Wpf.csproj", "{762EF986-E716-4D0B-A13B-360A0BF97086}"
EndProject
Project("{FAE04EC0-301F-11D3-BF4B-00C04F79EFBC}") = "OQF.Utils", "OQF.Utils\OQF.Utils.csproj", "{2F71F7F9-F40A-45E3-9401-5A40933DB8C7}"
EndProject
Project("{FAE04EC0-301F-11D3-BF4B-00C04F79EFBC}") = "OQF.ReplayViewer", "OQF.ReplayViewer\OQF.ReplayViewer.csproj", "{BC482C0B-D6F1-42E4-BAEC-85FD819D86E1}"
EndProject
Project("{FAE04EC0-301F-11D3-BF4B-00C04F79EFBC}") = "OQF.Visualization.Common", "OQF.Visualization.Common\OQF.Visualization.Common.csproj", "{8F773744-6FE4-49C2-8651-E6F29EC828FA}"
EndProject
Project("{FAE04EC0-301F-11D3-BF4B-00C04F79EFBC}") = "OQF.Visualization.Resources", "OQF.Visualization.Resources\OQF.Visualization.Resources.csproj", "{03EE53DA-74C5-4883-98F0-BF2618EBDF93}"
EndProject
Global
	GlobalSection(SolutionConfigurationPlatforms) = preSolution
		Debug|Any CPU = Debug|Any CPU
		Release|Any CPU = Release|Any CPU
	EndGlobalSection
	GlobalSection(ProjectConfigurationPlatforms) = postSolution
		{2CB42D9D-79D7-4C2E-A1F4-EF7D85E33E2C}.Debug|Any CPU.ActiveCfg = Debug|Any CPU
		{2CB42D9D-79D7-4C2E-A1F4-EF7D85E33E2C}.Debug|Any CPU.Build.0 = Debug|Any CPU
		{2CB42D9D-79D7-4C2E-A1F4-EF7D85E33E2C}.Release|Any CPU.ActiveCfg = Release|Any CPU
		{2CB42D9D-79D7-4C2E-A1F4-EF7D85E33E2C}.Release|Any CPU.Build.0 = Release|Any CPU
		{26E530F7-814E-4B05-8D4A-9B10BF659CF1}.Debug|Any CPU.ActiveCfg = Debug|Any CPU
		{26E530F7-814E-4B05-8D4A-9B10BF659CF1}.Debug|Any CPU.Build.0 = Debug|Any CPU
		{26E530F7-814E-4B05-8D4A-9B10BF659CF1}.Release|Any CPU.ActiveCfg = Release|Any CPU
		{26E530F7-814E-4B05-8D4A-9B10BF659CF1}.Release|Any CPU.Build.0 = Release|Any CPU
		{E257AA0A-7215-4CBA-B17A-61DC7EC3345A}.Debug|Any CPU.ActiveCfg = Debug|Any CPU
		{E257AA0A-7215-4CBA-B17A-61DC7EC3345A}.Debug|Any CPU.Build.0 = Debug|Any CPU
		{E257AA0A-7215-4CBA-B17A-61DC7EC3345A}.Release|Any CPU.ActiveCfg = Release|Any CPU
		{E257AA0A-7215-4CBA-B17A-61DC7EC3345A}.Release|Any CPU.Build.0 = Release|Any CPU
		{4629A2D4-4146-4E1A-9520-57D12827CD57}.Debug|Any CPU.ActiveCfg = Debug|Any CPU
		{4629A2D4-4146-4E1A-9520-57D12827CD57}.Debug|Any CPU.Build.0 = Debug|Any CPU
		{4629A2D4-4146-4E1A-9520-57D12827CD57}.Release|Any CPU.ActiveCfg = Release|Any CPU
		{4629A2D4-4146-4E1A-9520-57D12827CD57}.Release|Any CPU.Build.0 = Release|Any CPU
		{8692572D-4B60-407C-BB7B-80FC66E63904}.Debug|Any CPU.ActiveCfg = Debug|Any CPU
		{8692572D-4B60-407C-BB7B-80FC66E63904}.Debug|Any CPU.Build.0 = Debug|Any CPU
		{8692572D-4B60-407C-BB7B-80FC66E63904}.Release|Any CPU.ActiveCfg = Release|Any CPU
		{8692572D-4B60-407C-BB7B-80FC66E63904}.Release|Any CPU.Build.0 = Release|Any CPU
		{44DFDB61-3AAD-4D4B-8CE4-B3E778B9EBEC}.Debug|Any CPU.ActiveCfg = Debug|Any CPU
		{44DFDB61-3AAD-4D4B-8CE4-B3E778B9EBEC}.Debug|Any CPU.Build.0 = Debug|Any CPU
		{44DFDB61-3AAD-4D4B-8CE4-B3E778B9EBEC}.Release|Any CPU.ActiveCfg = Release|Any CPU
		{44DFDB61-3AAD-4D4B-8CE4-B3E778B9EBEC}.Release|Any CPU.Build.0 = Release|Any CPU
		{A7CA266B-B1A3-4ED5-B0BE-EE5EE80A48FC}.Debug|Any CPU.ActiveCfg = Debug|Any CPU
		{A7CA266B-B1A3-4ED5-B0BE-EE5EE80A48FC}.Debug|Any CPU.Build.0 = Debug|Any CPU
		{A7CA266B-B1A3-4ED5-B0BE-EE5EE80A48FC}.Release|Any CPU.ActiveCfg = Release|Any CPU
		{A7CA266B-B1A3-4ED5-B0BE-EE5EE80A48FC}.Release|Any CPU.Build.0 = Release|Any CPU
		{623D4B55-9687-4C7C-9B23-5C1403A110D1}.Debug|Any CPU.ActiveCfg = Debug|Any CPU
		{623D4B55-9687-4C7C-9B23-5C1403A110D1}.Debug|Any CPU.Build.0 = Debug|Any CPU
		{623D4B55-9687-4C7C-9B23-5C1403A110D1}.Release|Any CPU.ActiveCfg = Release|Any CPU
		{623D4B55-9687-4C7C-9B23-5C1403A110D1}.Release|Any CPU.Build.0 = Release|Any CPU
		{6C27F04B-CFCC-4267-8720-4A44D7529A21}.Debug|Any CPU.ActiveCfg = Debug|Any CPU
		{6C27F04B-CFCC-4267-8720-4A44D7529A21}.Debug|Any CPU.Build.0 = Debug|Any CPU
		{6C27F04B-CFCC-4267-8720-4A44D7529A21}.Release|Any CPU.ActiveCfg = Release|Any CPU
		{6C27F04B-CFCC-4267-8720-4A44D7529A21}.Release|Any CPU.Build.0 = Release|Any CPU
		{8FE851FB-DD9C-4C93-BCED-5098235D44E9}.Debug|Any CPU.ActiveCfg = Debug|Any CPU
		{8FE851FB-DD9C-4C93-BCED-5098235D44E9}.Debug|Any CPU.Build.0 = Debug|Any CPU
		{8FE851FB-DD9C-4C93-BCED-5098235D44E9}.Release|Any CPU.ActiveCfg = Release|Any CPU
		{8FE851FB-DD9C-4C93-BCED-5098235D44E9}.Release|Any CPU.Build.0 = Release|Any CPU
		{0363FA52-24D4-4B73-BA27-B9ADC8989DBC}.Debug|Any CPU.ActiveCfg = Debug|Any CPU
		{0363FA52-24D4-4B73-BA27-B9ADC8989DBC}.Debug|Any CPU.Build.0 = Debug|Any CPU
		{0363FA52-24D4-4B73-BA27-B9ADC8989DBC}.Release|Any CPU.ActiveCfg = Release|Any CPU
		{0363FA52-24D4-4B73-BA27-B9ADC8989DBC}.Release|Any CPU.Build.0 = Release|Any CPU
		{762EF986-E716-4D0B-A13B-360A0BF97086}.Debug|Any CPU.ActiveCfg = Debug|Any CPU
		{762EF986-E716-4D0B-A13B-360A0BF97086}.Debug|Any CPU.Build.0 = Debug|Any CPU
		{762EF986-E716-4D0B-A13B-360A0BF97086}.Release|Any CPU.ActiveCfg = Release|Any CPU
		{762EF986-E716-4D0B-A13B-360A0BF97086}.Release|Any CPU.Build.0 = Release|Any CPU
		{2F71F7F9-F40A-45E3-9401-5A40933DB8C7}.Debug|Any CPU.ActiveCfg = Debug|Any CPU
		{2F71F7F9-F40A-45E3-9401-5A40933DB8C7}.Debug|Any CPU.Build.0 = Debug|Any CPU
		{2F71F7F9-F40A-45E3-9401-5A40933DB8C7}.Release|Any CPU.ActiveCfg = Release|Any CPU
		{2F71F7F9-F40A-45E3-9401-5A40933DB8C7}.Release|Any CPU.Build.0 = Release|Any CPU
		{BC482C0B-D6F1-42E4-BAEC-85FD819D86E1}.Debug|Any CPU.ActiveCfg = Debug|Any CPU
		{BC482C0B-D6F1-42E4-BAEC-85FD819D86E1}.Debug|Any CPU.Build.0 = Debug|Any CPU
		{BC482C0B-D6F1-42E4-BAEC-85FD819D86E1}.Release|Any CPU.ActiveCfg = Release|Any CPU
		{BC482C0B-D6F1-42E4-BAEC-85FD819D86E1}.Release|Any CPU.Build.0 = Release|Any CPU
		{8F773744-6FE4-49C2-8651-E6F29EC828FA}.Debug|Any CPU.ActiveCfg = Debug|Any CPU
		{8F773744-6FE4-49C2-8651-E6F29EC828FA}.Debug|Any CPU.Build.0 = Debug|Any CPU
		{8F773744-6FE4-49C2-8651-E6F29EC828FA}.Release|Any CPU.ActiveCfg = Release|Any CPU
		{8F773744-6FE4-49C2-8651-E6F29EC828FA}.Release|Any CPU.Build.0 = Release|Any CPU
		{03EE53DA-74C5-4883-98F0-BF2618EBDF93}.Debug|Any CPU.ActiveCfg = Debug|Any CPU
		{03EE53DA-74C5-4883-98F0-BF2618EBDF93}.Debug|Any CPU.Build.0 = Debug|Any CPU
		{03EE53DA-74C5-4883-98F0-BF2618EBDF93}.Release|Any CPU.ActiveCfg = Release|Any CPU
		{03EE53DA-74C5-4883-98F0-BF2618EBDF93}.Release|Any CPU.Build.0 = Release|Any CPU
	EndGlobalSection
	GlobalSection(SolutionProperties) = preSolution
		HideSolutionNode = FALSE
	EndGlobalSection
	GlobalSection(NestedProjects) = preSolution
		{2CB42D9D-79D7-4C2E-A1F4-EF7D85E33E2C} = {1133E98F-58A0-4FE7-9761-C7822EBA673A}
		{26E530F7-814E-4B05-8D4A-9B10BF659CF1} = {281B7024-DA93-4ABF-A12C-29C878D83487}
		{E257AA0A-7215-4CBA-B17A-61DC7EC3345A} = {281B7024-DA93-4ABF-A12C-29C878D83487}
		{4629A2D4-4146-4E1A-9520-57D12827CD57} = {5094A226-58A9-4B49-991F-9F3296EE4060}
		{8692572D-4B60-407C-BB7B-80FC66E63904} = {C6F3B535-2B4C-43CB-A3C1-769C35CE299A}
		{44DFDB61-3AAD-4D4B-8CE4-B3E778B9EBEC} = {281B7024-DA93-4ABF-A12C-29C878D83487}
		{A7CA266B-B1A3-4ED5-B0BE-EE5EE80A48FC} = {B119E130-6EA4-4AF7-B512-24B7797DB366}
		{623D4B55-9687-4C7C-9B23-5C1403A110D1} = {B119E130-6EA4-4AF7-B512-24B7797DB366}
		{6C27F04B-CFCC-4267-8720-4A44D7529A21} = {B119E130-6EA4-4AF7-B512-24B7797DB366}
		{8FE851FB-DD9C-4C93-BCED-5098235D44E9} = {B119E130-6EA4-4AF7-B512-24B7797DB366}
		{0363FA52-24D4-4B73-BA27-B9ADC8989DBC} = {B119E130-6EA4-4AF7-B512-24B7797DB366}
		{762EF986-E716-4D0B-A13B-360A0BF97086} = {B119E130-6EA4-4AF7-B512-24B7797DB366}
		{2F71F7F9-F40A-45E3-9401-5A40933DB8C7} = {B119E130-6EA4-4AF7-B512-24B7797DB366}
		{BC482C0B-D6F1-42E4-BAEC-85FD819D86E1} = {1133E98F-58A0-4FE7-9761-C7822EBA673A}
		{8F773744-6FE4-49C2-8651-E6F29EC828FA} = {1133E98F-58A0-4FE7-9761-C7822EBA673A}
		{03EE53DA-74C5-4883-98F0-BF2618EBDF93} = {1133E98F-58A0-4FE7-9761-C7822EBA673A}
	EndGlobalSection
EndGlobal
