
Microsoft Visual Studio Solution File, Format Version 12.00
# Visual Studio 14
VisualStudioVersion = 14.0.25123.0
MinimumVisualStudioVersion = 10.0.40219.1
Project("{FAE04EC0-301F-11D3-BF4B-00C04F79EFBC}") = "OQF.PlayerVsBot.Visualization", "OQF.PlayerVsBot.Visualization\OQF.PlayerVsBot.Visualization.csproj", "{2CB42D9D-79D7-4C2E-A1F4-EF7D85E33E2C}"
EndProject
Project("{FAE04EC0-301F-11D3-BF4B-00C04F79EFBC}") = "SimpleWalkingBot", "bots\SimpleWalkingBot\SimpleWalkingBot.csproj", "{4629A2D4-4146-4E1A-9520-57D12827CD57}"
EndProject
Project("{FAE04EC0-301F-11D3-BF4B-00C04F79EFBC}") = "OQF.Bot.Contracts", "OQF.Bot.Contracts\OQF.Bot.Contracts.csproj", "{8692572D-4B60-407C-BB7B-80FC66E63904}"
EndProject
Project("{2150E333-8FDC-42A3-9474-1A3956D46DE8}") = "Bots", "Bots", "{5094A226-58A9-4B49-991F-9F3296EE4060}"
EndProject
Project("{2150E333-8FDC-42A3-9474-1A3956D46DE8}") = "Bot.Contracts", "Bot.Contracts", "{C6F3B535-2B4C-43CB-A3C1-769C35CE299A}"
EndProject
Project("{2150E333-8FDC-42A3-9474-1A3956D46DE8}") = "Librarys", "Librarys", "{B119E130-6EA4-4AF7-B512-24B7797DB366}"
EndProject
Project("{FAE04EC0-301F-11D3-BF4B-00C04F79EFBC}") = "Lib.Communication", "Lib.Communication\Lib.Communication.csproj", "{A7CA266B-B1A3-4ED5-B0BE-EE5EE80A48FC}"
EndProject
Project("{FAE04EC0-301F-11D3-BF4B-00C04F79EFBC}") = "Lib.Concurrency", "Lib.Concurrency\Lib.Concurrency.csproj", "{623D4B55-9687-4C7C-9B23-5C1403A110D1}"
EndProject
Project("{FAE04EC0-301F-11D3-BF4B-00C04F79EFBC}") = "Lib.FrameworkExtension", "Lib.FrameworkExtension\Lib.FrameworkExtension.csproj", "{6C27F04B-CFCC-4267-8720-4A44D7529A21}"
EndProject
Project("{FAE04EC0-301F-11D3-BF4B-00C04F79EFBC}") = "Lib.SemanicTypes", "Lib.SemanicTypes\Lib.SemanicTypes.csproj", "{8FE851FB-DD9C-4C93-BCED-5098235D44E9}"
EndProject
Project("{FAE04EC0-301F-11D3-BF4B-00C04F79EFBC}") = "Lib.Utils", "Lib.Utils\Lib.Utils.csproj", "{0363FA52-24D4-4B73-BA27-B9ADC8989DBC}"
EndProject
Project("{FAE04EC0-301F-11D3-BF4B-00C04F79EFBC}") = "Lib.Wpf", "Lib.Wpf\Lib.Wpf.csproj", "{762EF986-E716-4D0B-A13B-360A0BF97086}"
EndProject
Project("{FAE04EC0-301F-11D3-BF4B-00C04F79EFBC}") = "OQF.Utils", "OQF.Utils\OQF.Utils.csproj", "{2F71F7F9-F40A-45E3-9401-5A40933DB8C7}"
EndProject
Project("{FAE04EC0-301F-11D3-BF4B-00C04F79EFBC}") = "OQF.ReplayViewer.Visualization", "OQF.ReplayViewer.Visualization\OQF.ReplayViewer.Visualization.csproj", "{BC482C0B-D6F1-42E4-BAEC-85FD819D86E1}"
EndProject
Project("{FAE04EC0-301F-11D3-BF4B-00C04F79EFBC}") = "OQF.CommonUiElements", "OQF.CommonUiElements\OQF.CommonUiElements.csproj", "{8F773744-6FE4-49C2-8651-E6F29EC828FA}"
EndProject
Project("{FAE04EC0-301F-11D3-BF4B-00C04F79EFBC}") = "OQF.Resources", "OQF.Resources\OQF.Resources.csproj", "{03EE53DA-74C5-4883-98F0-BF2618EBDF93}"
EndProject
Project("{2150E333-8FDC-42A3-9474-1A3956D46DE8}") = "Applications", "Applications", "{4EADBE11-04E1-44FD-B0A3-F0CF22B1EAE4}"
EndProject
Project("{FAE04EC0-301F-11D3-BF4B-00C04F79EFBC}") = "OQF.PlayerVsBot.Application", "OQF.PlayerVsBot.Application\OQF.PlayerVsBot.Application.csproj", "{56EE4A7F-F53E-4339-816E-382A740C7D77}"
EndProject
Project("{FAE04EC0-301F-11D3-BF4B-00C04F79EFBC}") = "OQF.ReplayViewer.Application", "OQF.ReplayViewer.Application\OQF.ReplayViewer.Application.csproj", "{8C4F70AD-AC5C-4071-8380-DDAD3AF123D0}"
EndProject
Project("{FAE04EC0-301F-11D3-BF4B-00C04F79EFBC}") = "OQF.PlayerVsBot.Contracts", "OQF.PlayerVsBot.Contracts\OQF.PlayerVsBot.Contracts.csproj", "{019F752C-6C3C-4EB5-B450-CAAB3BB1EF1D}"
EndProject
Project("{2150E333-8FDC-42A3-9474-1A3956D46DE8}") = "PlayerVsBot", "PlayerVsBot", "{A87A7DFF-DD49-4BA9-93CE-C995E790677F}"
EndProject
Project("{2150E333-8FDC-42A3-9474-1A3956D46DE8}") = "Common", "Common", "{8B363327-22CA-4F4C-9688-F3FE164324FE}"
EndProject
Project("{2150E333-8FDC-42A3-9474-1A3956D46DE8}") = "ReplayViewer", "ReplayViewer", "{89EE142F-0C86-4A0A-B982-EA369F2D2CC6}"
EndProject
Project("{FAE04EC0-301F-11D3-BF4B-00C04F79EFBC}") = "OQF.AnalysisAndProgress", "OQF.AnalysisAndProgress\OQF.AnalysisAndProgress.csproj", "{1BD024DD-F067-439E-9A9D-87739108D8D9}"
EndProject
Project("{FAE04EC0-301F-11D3-BF4B-00C04F79EFBC}") = "OQF.PlayerVsBot.GameLogic", "OQF.PlayerVsBot.GameLogic\OQF.PlayerVsBot.GameLogic.csproj", "{E1C753ED-ADA5-4A8B-9D75-15F88737185E}"
EndProject
Project("{FAE04EC0-301F-11D3-BF4B-00C04F79EFBC}") = "OQF.ReplayViewer.Contracts", "OQF.ReplayViewer.Contracts\OQF.ReplayViewer.Contracts.csproj", "{687B9BF9-025F-41D1-928D-AF349D624A50}"
EndProject
Project("{FAE04EC0-301F-11D3-BF4B-00C04F79EFBC}") = "OQF.ReplayViewer.GameLogic", "OQF.ReplayViewer.GameLogic\OQF.ReplayViewer.GameLogic.csproj", "{0ECEF68F-B660-4733-97B6-187A3EDCE57E}"
EndProject
Project("{2150E333-8FDC-42A3-9474-1A3956D46DE8}") = "NetworkPlay", "NetworkPlay", "{89A2CBCD-0B72-47CA-BEBD-05EC5DE49D82}"
EndProject
Project("{2150E333-8FDC-42A3-9474-1A3956D46DE8}") = "DesktopClient", "DesktopClient", "{5B305350-7F5D-4438-8553-9A4BE3BC2253}"
EndProject
Project("{2150E333-8FDC-42A3-9474-1A3956D46DE8}") = "LanServer", "LanServer", "{0B890322-538D-42E7-A69E-BC2774AFBA26}"
EndProject
Project("{FAE04EC0-301F-11D3-BF4B-00C04F79EFBC}") = "OQF.Net.LanServer.Application", "OQF.Net.LanServer.Application\OQF.Net.LanServer.Application.csproj", "{C2FFF33E-5D3C-4088-9054-7ED8D531EBB6}"
EndProject
Project("{FAE04EC0-301F-11D3-BF4B-00C04F79EFBC}") = "OQF.Net.LanServer.Visualization", "OQF.Net.LanServer.Visualization\OQF.Net.LanServer.Visualization.csproj", "{DCF3E53C-3E12-42E3-BE8B-87D8A26E70FC}"
EndProject
Project("{2150E333-8FDC-42A3-9474-1A3956D46DE8}") = "LanMessaging", "LanMessaging", "{AF09E6CC-E2E4-4E88-A53B-3C8F2551F6B9}"
EndProject
Project("{FAE04EC0-301F-11D3-BF4B-00C04F79EFBC}") = "OQF.Net.LanMessaging", "OQF.Net.LanMessaging\OQF.Net.LanMessaging.csproj", "{C0E2A650-5CA7-4D79-9342-DA2936C9E2F7}"
EndProject
Project("{FAE04EC0-301F-11D3-BF4B-00C04F79EFBC}") = "OQF.Net.DesktopClient.Application", "OQF.Net.DesktopClient.Application\OQF.Net.DesktopClient.Application.csproj", "{DA3C5642-3D11-4470-8CFC-346CD6C0F5C6}"
EndProject
Project("{FAE04EC0-301F-11D3-BF4B-00C04F79EFBC}") = "OQF.Net.DesktopClient.Visualization", "OQF.Net.DesktopClient.Visualization\OQF.Net.DesktopClient.Visualization.csproj", "{C11746E5-570E-4FAD-ABBD-921E8C2DBD76}"
EndProject
Global
	GlobalSection(SolutionConfigurationPlatforms) = preSolution
		Debug|Any CPU = Debug|Any CPU
		Release|Any CPU = Release|Any CPU
	EndGlobalSection
	GlobalSection(ProjectConfigurationPlatforms) = postSolution
		{2CB42D9D-79D7-4C2E-A1F4-EF7D85E33E2C}.Debug|Any CPU.ActiveCfg = Debug|Any CPU
		{2CB42D9D-79D7-4C2E-A1F4-EF7D85E33E2C}.Debug|Any CPU.Build.0 = Debug|Any CPU
		{2CB42D9D-79D7-4C2E-A1F4-EF7D85E33E2C}.Release|Any CPU.ActiveCfg = Release|Any CPU
		{2CB42D9D-79D7-4C2E-A1F4-EF7D85E33E2C}.Release|Any CPU.Build.0 = Release|Any CPU
		{4629A2D4-4146-4E1A-9520-57D12827CD57}.Debug|Any CPU.ActiveCfg = Debug|Any CPU
		{4629A2D4-4146-4E1A-9520-57D12827CD57}.Debug|Any CPU.Build.0 = Debug|Any CPU
		{4629A2D4-4146-4E1A-9520-57D12827CD57}.Release|Any CPU.ActiveCfg = Release|Any CPU
		{4629A2D4-4146-4E1A-9520-57D12827CD57}.Release|Any CPU.Build.0 = Release|Any CPU
		{8692572D-4B60-407C-BB7B-80FC66E63904}.Debug|Any CPU.ActiveCfg = Debug|Any CPU
		{8692572D-4B60-407C-BB7B-80FC66E63904}.Debug|Any CPU.Build.0 = Debug|Any CPU
		{8692572D-4B60-407C-BB7B-80FC66E63904}.Release|Any CPU.ActiveCfg = Release|Any CPU
		{8692572D-4B60-407C-BB7B-80FC66E63904}.Release|Any CPU.Build.0 = Release|Any CPU
		{A7CA266B-B1A3-4ED5-B0BE-EE5EE80A48FC}.Debug|Any CPU.ActiveCfg = Debug|Any CPU
		{A7CA266B-B1A3-4ED5-B0BE-EE5EE80A48FC}.Debug|Any CPU.Build.0 = Debug|Any CPU
		{A7CA266B-B1A3-4ED5-B0BE-EE5EE80A48FC}.Release|Any CPU.ActiveCfg = Release|Any CPU
		{A7CA266B-B1A3-4ED5-B0BE-EE5EE80A48FC}.Release|Any CPU.Build.0 = Release|Any CPU
		{623D4B55-9687-4C7C-9B23-5C1403A110D1}.Debug|Any CPU.ActiveCfg = Debug|Any CPU
		{623D4B55-9687-4C7C-9B23-5C1403A110D1}.Debug|Any CPU.Build.0 = Debug|Any CPU
		{623D4B55-9687-4C7C-9B23-5C1403A110D1}.Release|Any CPU.ActiveCfg = Release|Any CPU
		{623D4B55-9687-4C7C-9B23-5C1403A110D1}.Release|Any CPU.Build.0 = Release|Any CPU
		{6C27F04B-CFCC-4267-8720-4A44D7529A21}.Debug|Any CPU.ActiveCfg = Debug|Any CPU
		{6C27F04B-CFCC-4267-8720-4A44D7529A21}.Debug|Any CPU.Build.0 = Debug|Any CPU
		{6C27F04B-CFCC-4267-8720-4A44D7529A21}.Release|Any CPU.ActiveCfg = Release|Any CPU
		{6C27F04B-CFCC-4267-8720-4A44D7529A21}.Release|Any CPU.Build.0 = Release|Any CPU
		{8FE851FB-DD9C-4C93-BCED-5098235D44E9}.Debug|Any CPU.ActiveCfg = Debug|Any CPU
		{8FE851FB-DD9C-4C93-BCED-5098235D44E9}.Debug|Any CPU.Build.0 = Debug|Any CPU
		{8FE851FB-DD9C-4C93-BCED-5098235D44E9}.Release|Any CPU.ActiveCfg = Release|Any CPU
		{8FE851FB-DD9C-4C93-BCED-5098235D44E9}.Release|Any CPU.Build.0 = Release|Any CPU
		{0363FA52-24D4-4B73-BA27-B9ADC8989DBC}.Debug|Any CPU.ActiveCfg = Debug|Any CPU
		{0363FA52-24D4-4B73-BA27-B9ADC8989DBC}.Debug|Any CPU.Build.0 = Debug|Any CPU
		{0363FA52-24D4-4B73-BA27-B9ADC8989DBC}.Release|Any CPU.ActiveCfg = Release|Any CPU
		{0363FA52-24D4-4B73-BA27-B9ADC8989DBC}.Release|Any CPU.Build.0 = Release|Any CPU
		{762EF986-E716-4D0B-A13B-360A0BF97086}.Debug|Any CPU.ActiveCfg = Debug|Any CPU
		{762EF986-E716-4D0B-A13B-360A0BF97086}.Debug|Any CPU.Build.0 = Debug|Any CPU
		{762EF986-E716-4D0B-A13B-360A0BF97086}.Release|Any CPU.ActiveCfg = Release|Any CPU
		{762EF986-E716-4D0B-A13B-360A0BF97086}.Release|Any CPU.Build.0 = Release|Any CPU
		{2F71F7F9-F40A-45E3-9401-5A40933DB8C7}.Debug|Any CPU.ActiveCfg = Debug|Any CPU
		{2F71F7F9-F40A-45E3-9401-5A40933DB8C7}.Debug|Any CPU.Build.0 = Debug|Any CPU
		{2F71F7F9-F40A-45E3-9401-5A40933DB8C7}.Release|Any CPU.ActiveCfg = Release|Any CPU
		{2F71F7F9-F40A-45E3-9401-5A40933DB8C7}.Release|Any CPU.Build.0 = Release|Any CPU
		{BC482C0B-D6F1-42E4-BAEC-85FD819D86E1}.Debug|Any CPU.ActiveCfg = Debug|Any CPU
		{BC482C0B-D6F1-42E4-BAEC-85FD819D86E1}.Debug|Any CPU.Build.0 = Debug|Any CPU
		{BC482C0B-D6F1-42E4-BAEC-85FD819D86E1}.Release|Any CPU.ActiveCfg = Release|Any CPU
		{BC482C0B-D6F1-42E4-BAEC-85FD819D86E1}.Release|Any CPU.Build.0 = Release|Any CPU
		{8F773744-6FE4-49C2-8651-E6F29EC828FA}.Debug|Any CPU.ActiveCfg = Debug|Any CPU
		{8F773744-6FE4-49C2-8651-E6F29EC828FA}.Debug|Any CPU.Build.0 = Debug|Any CPU
		{8F773744-6FE4-49C2-8651-E6F29EC828FA}.Release|Any CPU.ActiveCfg = Release|Any CPU
		{8F773744-6FE4-49C2-8651-E6F29EC828FA}.Release|Any CPU.Build.0 = Release|Any CPU
		{03EE53DA-74C5-4883-98F0-BF2618EBDF93}.Debug|Any CPU.ActiveCfg = Debug|Any CPU
		{03EE53DA-74C5-4883-98F0-BF2618EBDF93}.Debug|Any CPU.Build.0 = Debug|Any CPU
		{03EE53DA-74C5-4883-98F0-BF2618EBDF93}.Release|Any CPU.ActiveCfg = Release|Any CPU
		{03EE53DA-74C5-4883-98F0-BF2618EBDF93}.Release|Any CPU.Build.0 = Release|Any CPU
		{56EE4A7F-F53E-4339-816E-382A740C7D77}.Debug|Any CPU.ActiveCfg = Debug|Any CPU
		{56EE4A7F-F53E-4339-816E-382A740C7D77}.Debug|Any CPU.Build.0 = Debug|Any CPU
		{56EE4A7F-F53E-4339-816E-382A740C7D77}.Release|Any CPU.ActiveCfg = Release|Any CPU
		{56EE4A7F-F53E-4339-816E-382A740C7D77}.Release|Any CPU.Build.0 = Release|Any CPU
		{8C4F70AD-AC5C-4071-8380-DDAD3AF123D0}.Debug|Any CPU.ActiveCfg = Debug|Any CPU
		{8C4F70AD-AC5C-4071-8380-DDAD3AF123D0}.Debug|Any CPU.Build.0 = Debug|Any CPU
		{8C4F70AD-AC5C-4071-8380-DDAD3AF123D0}.Release|Any CPU.ActiveCfg = Release|Any CPU
		{8C4F70AD-AC5C-4071-8380-DDAD3AF123D0}.Release|Any CPU.Build.0 = Release|Any CPU
		{019F752C-6C3C-4EB5-B450-CAAB3BB1EF1D}.Debug|Any CPU.ActiveCfg = Debug|Any CPU
		{019F752C-6C3C-4EB5-B450-CAAB3BB1EF1D}.Debug|Any CPU.Build.0 = Debug|Any CPU
		{019F752C-6C3C-4EB5-B450-CAAB3BB1EF1D}.Release|Any CPU.ActiveCfg = Release|Any CPU
		{019F752C-6C3C-4EB5-B450-CAAB3BB1EF1D}.Release|Any CPU.Build.0 = Release|Any CPU
		{1BD024DD-F067-439E-9A9D-87739108D8D9}.Debug|Any CPU.ActiveCfg = Debug|Any CPU
		{1BD024DD-F067-439E-9A9D-87739108D8D9}.Debug|Any CPU.Build.0 = Debug|Any CPU
		{1BD024DD-F067-439E-9A9D-87739108D8D9}.Release|Any CPU.ActiveCfg = Release|Any CPU
		{1BD024DD-F067-439E-9A9D-87739108D8D9}.Release|Any CPU.Build.0 = Release|Any CPU
		{E1C753ED-ADA5-4A8B-9D75-15F88737185E}.Debug|Any CPU.ActiveCfg = Debug|Any CPU
		{E1C753ED-ADA5-4A8B-9D75-15F88737185E}.Debug|Any CPU.Build.0 = Debug|Any CPU
		{E1C753ED-ADA5-4A8B-9D75-15F88737185E}.Release|Any CPU.ActiveCfg = Release|Any CPU
		{E1C753ED-ADA5-4A8B-9D75-15F88737185E}.Release|Any CPU.Build.0 = Release|Any CPU
		{687B9BF9-025F-41D1-928D-AF349D624A50}.Debug|Any CPU.ActiveCfg = Debug|Any CPU
		{687B9BF9-025F-41D1-928D-AF349D624A50}.Debug|Any CPU.Build.0 = Debug|Any CPU
		{687B9BF9-025F-41D1-928D-AF349D624A50}.Release|Any CPU.ActiveCfg = Release|Any CPU
		{687B9BF9-025F-41D1-928D-AF349D624A50}.Release|Any CPU.Build.0 = Release|Any CPU
		{0ECEF68F-B660-4733-97B6-187A3EDCE57E}.Debug|Any CPU.ActiveCfg = Debug|Any CPU
		{0ECEF68F-B660-4733-97B6-187A3EDCE57E}.Debug|Any CPU.Build.0 = Debug|Any CPU
		{0ECEF68F-B660-4733-97B6-187A3EDCE57E}.Release|Any CPU.ActiveCfg = Release|Any CPU
		{0ECEF68F-B660-4733-97B6-187A3EDCE57E}.Release|Any CPU.Build.0 = Release|Any CPU
		{C2FFF33E-5D3C-4088-9054-7ED8D531EBB6}.Debug|Any CPU.ActiveCfg = Debug|Any CPU
		{C2FFF33E-5D3C-4088-9054-7ED8D531EBB6}.Debug|Any CPU.Build.0 = Debug|Any CPU
		{C2FFF33E-5D3C-4088-9054-7ED8D531EBB6}.Release|Any CPU.ActiveCfg = Release|Any CPU
		{C2FFF33E-5D3C-4088-9054-7ED8D531EBB6}.Release|Any CPU.Build.0 = Release|Any CPU
		{DCF3E53C-3E12-42E3-BE8B-87D8A26E70FC}.Debug|Any CPU.ActiveCfg = Debug|Any CPU
		{DCF3E53C-3E12-42E3-BE8B-87D8A26E70FC}.Debug|Any CPU.Build.0 = Debug|Any CPU
		{DCF3E53C-3E12-42E3-BE8B-87D8A26E70FC}.Release|Any CPU.ActiveCfg = Release|Any CPU
		{DCF3E53C-3E12-42E3-BE8B-87D8A26E70FC}.Release|Any CPU.Build.0 = Release|Any CPU
		{C0E2A650-5CA7-4D79-9342-DA2936C9E2F7}.Debug|Any CPU.ActiveCfg = Debug|Any CPU
		{C0E2A650-5CA7-4D79-9342-DA2936C9E2F7}.Debug|Any CPU.Build.0 = Debug|Any CPU
		{C0E2A650-5CA7-4D79-9342-DA2936C9E2F7}.Release|Any CPU.ActiveCfg = Release|Any CPU
		{C0E2A650-5CA7-4D79-9342-DA2936C9E2F7}.Release|Any CPU.Build.0 = Release|Any CPU
		{DA3C5642-3D11-4470-8CFC-346CD6C0F5C6}.Debug|Any CPU.ActiveCfg = Debug|Any CPU
		{DA3C5642-3D11-4470-8CFC-346CD6C0F5C6}.Debug|Any CPU.Build.0 = Debug|Any CPU
		{DA3C5642-3D11-4470-8CFC-346CD6C0F5C6}.Release|Any CPU.ActiveCfg = Release|Any CPU
		{DA3C5642-3D11-4470-8CFC-346CD6C0F5C6}.Release|Any CPU.Build.0 = Release|Any CPU
		{C11746E5-570E-4FAD-ABBD-921E8C2DBD76}.Debug|Any CPU.ActiveCfg = Debug|Any CPU
		{C11746E5-570E-4FAD-ABBD-921E8C2DBD76}.Debug|Any CPU.Build.0 = Debug|Any CPU
		{C11746E5-570E-4FAD-ABBD-921E8C2DBD76}.Release|Any CPU.ActiveCfg = Release|Any CPU
		{C11746E5-570E-4FAD-ABBD-921E8C2DBD76}.Release|Any CPU.Build.0 = Release|Any CPU
	EndGlobalSection
	GlobalSection(SolutionProperties) = preSolution
		HideSolutionNode = FALSE
	EndGlobalSection
	GlobalSection(NestedProjects) = preSolution
		{2CB42D9D-79D7-4C2E-A1F4-EF7D85E33E2C} = {A87A7DFF-DD49-4BA9-93CE-C995E790677F}
		{4629A2D4-4146-4E1A-9520-57D12827CD57} = {5094A226-58A9-4B49-991F-9F3296EE4060}
		{8692572D-4B60-407C-BB7B-80FC66E63904} = {C6F3B535-2B4C-43CB-A3C1-769C35CE299A}
		{A7CA266B-B1A3-4ED5-B0BE-EE5EE80A48FC} = {B119E130-6EA4-4AF7-B512-24B7797DB366}
		{623D4B55-9687-4C7C-9B23-5C1403A110D1} = {B119E130-6EA4-4AF7-B512-24B7797DB366}
		{6C27F04B-CFCC-4267-8720-4A44D7529A21} = {B119E130-6EA4-4AF7-B512-24B7797DB366}
		{8FE851FB-DD9C-4C93-BCED-5098235D44E9} = {B119E130-6EA4-4AF7-B512-24B7797DB366}
		{0363FA52-24D4-4B73-BA27-B9ADC8989DBC} = {B119E130-6EA4-4AF7-B512-24B7797DB366}
		{762EF986-E716-4D0B-A13B-360A0BF97086} = {B119E130-6EA4-4AF7-B512-24B7797DB366}
		{2F71F7F9-F40A-45E3-9401-5A40933DB8C7} = {8B363327-22CA-4F4C-9688-F3FE164324FE}
		{BC482C0B-D6F1-42E4-BAEC-85FD819D86E1} = {89EE142F-0C86-4A0A-B982-EA369F2D2CC6}
		{8F773744-6FE4-49C2-8651-E6F29EC828FA} = {8B363327-22CA-4F4C-9688-F3FE164324FE}
		{03EE53DA-74C5-4883-98F0-BF2618EBDF93} = {8B363327-22CA-4F4C-9688-F3FE164324FE}
		{56EE4A7F-F53E-4339-816E-382A740C7D77} = {A87A7DFF-DD49-4BA9-93CE-C995E790677F}
		{8C4F70AD-AC5C-4071-8380-DDAD3AF123D0} = {89EE142F-0C86-4A0A-B982-EA369F2D2CC6}
		{019F752C-6C3C-4EB5-B450-CAAB3BB1EF1D} = {A87A7DFF-DD49-4BA9-93CE-C995E790677F}
		{A87A7DFF-DD49-4BA9-93CE-C995E790677F} = {4EADBE11-04E1-44FD-B0A3-F0CF22B1EAE4}
		{8B363327-22CA-4F4C-9688-F3FE164324FE} = {4EADBE11-04E1-44FD-B0A3-F0CF22B1EAE4}
		{89EE142F-0C86-4A0A-B982-EA369F2D2CC6} = {4EADBE11-04E1-44FD-B0A3-F0CF22B1EAE4}
		{1BD024DD-F067-439E-9A9D-87739108D8D9} = {8B363327-22CA-4F4C-9688-F3FE164324FE}
		{E1C753ED-ADA5-4A8B-9D75-15F88737185E} = {A87A7DFF-DD49-4BA9-93CE-C995E790677F}
		{687B9BF9-025F-41D1-928D-AF349D624A50} = {89EE142F-0C86-4A0A-B982-EA369F2D2CC6}
		{0ECEF68F-B660-4733-97B6-187A3EDCE57E} = {89EE142F-0C86-4A0A-B982-EA369F2D2CC6}
		{89A2CBCD-0B72-47CA-BEBD-05EC5DE49D82} = {4EADBE11-04E1-44FD-B0A3-F0CF22B1EAE4}
		{5B305350-7F5D-4438-8553-9A4BE3BC2253} = {89A2CBCD-0B72-47CA-BEBD-05EC5DE49D82}
		{0B890322-538D-42E7-A69E-BC2774AFBA26} = {89A2CBCD-0B72-47CA-BEBD-05EC5DE49D82}
		{C2FFF33E-5D3C-4088-9054-7ED8D531EBB6} = {0B890322-538D-42E7-A69E-BC2774AFBA26}
		{DCF3E53C-3E12-42E3-BE8B-87D8A26E70FC} = {0B890322-538D-42E7-A69E-BC2774AFBA26}
		{AF09E6CC-E2E4-4E88-A53B-3C8F2551F6B9} = {89A2CBCD-0B72-47CA-BEBD-05EC5DE49D82}
		{C0E2A650-5CA7-4D79-9342-DA2936C9E2F7} = {AF09E6CC-E2E4-4E88-A53B-3C8F2551F6B9}
		{DA3C5642-3D11-4470-8CFC-346CD6C0F5C6} = {5B305350-7F5D-4438-8553-9A4BE3BC2253}
		{C11746E5-570E-4FAD-ABBD-921E8C2DBD76} = {5B305350-7F5D-4438-8553-9A4BE3BC2253}
	EndGlobalSection
EndGlobal
